
Microsoft Visual Studio Solution File, Format Version 12.00
# Visual Studio 15
VisualStudioVersion = 15.0.27130.2010
MinimumVisualStudioVersion = 10.0.40219.1
Project("{FAE04EC0-301F-11D3-BF4B-00C04F79EFBC}") = "DigitalCypher", "DigitalCypher\DigitalCypher.csproj", "{212FCFA9-CD57-435C-AFF5-D9F8A68B0DB7}"
EndProject
Project("{FAE04EC0-301F-11D3-BF4B-00C04F79EFBC}") = "DigitalCypherTests", "DigitalCypherTests\DigitalCypherTests.csproj", "{2CAA5610-6798-4A74-8E00-D57A74DC628C}"
EndProject
Global
	GlobalSection(SolutionConfigurationPlatforms) = preSolution
		Debug|Any CPU = Debug|Any CPU
		Release|Any CPU = Release|Any CPU
	EndGlobalSection
	GlobalSection(ProjectConfigurationPlatforms) = postSolution
		{212FCFA9-CD57-435C-AFF5-D9F8A68B0DB7}.Debug|Any CPU.ActiveCfg = Debug|Any CPU
		{212FCFA9-CD57-435C-AFF5-D9F8A68B0DB7}.Debug|Any CPU.Build.0 = Debug|Any CPU
		{212FCFA9-CD57-435C-AFF5-D9F8A68B0DB7}.Release|Any CPU.ActiveCfg = Release|Any CPU
		{212FCFA9-CD57-435C-AFF5-D9F8A68B0DB7}.Release|Any CPU.Build.0 = Release|Any CPU
		{2CAA5610-6798-4A74-8E00-D57A74DC628C}.Debug|Any CPU.ActiveCfg = Debug|Any CPU
		{2CAA5610-6798-4A74-8E00-D57A74DC628C}.Debug|Any CPU.Build.0 = Debug|Any CPU
		{2CAA5610-6798-4A74-8E00-D57A74DC628C}.Release|Any CPU.ActiveCfg = Release|Any CPU
		{2CAA5610-6798-4A74-8E00-D57A74DC628C}.Release|Any CPU.Build.0 = Release|Any CPU
	EndGlobalSection
	GlobalSection(SolutionProperties) = preSolution
		HideSolutionNode = FALSE
	EndGlobalSection
	GlobalSection(ExtensibilityGlobals) = postSolution
		SolutionGuid = {D415FF8E-219C-4499-9A22-7D3DEEFAC30D}
	EndGlobalSection
EndGlobal
