
Microsoft Visual Studio Solution File, Format Version 12.00
# Visual Studio 15
VisualStudioVersion = 15.0.27130.2010
MinimumVisualStudioVersion = 10.0.40219.1
Project("{FAE04EC0-301F-11D3-BF4B-00C04F79EFBC}") = "VowelCount", "VowelCount\VowelCount.csproj", "{47129F12-2C46-4CA5-9E51-94995B8F5872}"
EndProject
Project("{FAE04EC0-301F-11D3-BF4B-00C04F79EFBC}") = "VowelCountTests", "VowelCountTests\VowelCountTests.csproj", "{B6307582-D4C4-45EF-9372-80636FEF818D}"
EndProject
Global
	GlobalSection(SolutionConfigurationPlatforms) = preSolution
		Debug|Any CPU = Debug|Any CPU
		Release|Any CPU = Release|Any CPU
	EndGlobalSection
	GlobalSection(ProjectConfigurationPlatforms) = postSolution
		{47129F12-2C46-4CA5-9E51-94995B8F5872}.Debug|Any CPU.ActiveCfg = Debug|Any CPU
		{47129F12-2C46-4CA5-9E51-94995B8F5872}.Debug|Any CPU.Build.0 = Debug|Any CPU
		{47129F12-2C46-4CA5-9E51-94995B8F5872}.Release|Any CPU.ActiveCfg = Release|Any CPU
		{47129F12-2C46-4CA5-9E51-94995B8F5872}.Release|Any CPU.Build.0 = Release|Any CPU
		{B6307582-D4C4-45EF-9372-80636FEF818D}.Debug|Any CPU.ActiveCfg = Debug|Any CPU
		{B6307582-D4C4-45EF-9372-80636FEF818D}.Debug|Any CPU.Build.0 = Debug|Any CPU
		{B6307582-D4C4-45EF-9372-80636FEF818D}.Release|Any CPU.ActiveCfg = Release|Any CPU
		{B6307582-D4C4-45EF-9372-80636FEF818D}.Release|Any CPU.Build.0 = Release|Any CPU
	EndGlobalSection
	GlobalSection(SolutionProperties) = preSolution
		HideSolutionNode = FALSE
	EndGlobalSection
	GlobalSection(ExtensibilityGlobals) = postSolution
		SolutionGuid = {7896CBF0-C1B3-4EF1-8736-F8918EED073B}
	EndGlobalSection
EndGlobal
