
Microsoft Visual Studio Solution File, Format Version 12.00
# Visual Studio 15
VisualStudioVersion = 15.0.27130.2010
MinimumVisualStudioVersion = 10.0.40219.1
Project("{FAE04EC0-301F-11D3-BF4B-00C04F79EFBC}") = "RomanNumeralsEncoder", "RomanNumeralsEncoder\RomanNumeralsEncoder.csproj", "{2D28D726-6C7A-4E09-AB2F-95D16D3C8F87}"
EndProject
Project("{FAE04EC0-301F-11D3-BF4B-00C04F79EFBC}") = "RomanNumeralsEncoderTests1", "RomanNumeralsEncoderTests1\RomanNumeralsEncoderTests1.csproj", "{8DE711BA-2764-4863-B1B8-AB716E924419}"
EndProject
Global
	GlobalSection(SolutionConfigurationPlatforms) = preSolution
		Debug|Any CPU = Debug|Any CPU
		Release|Any CPU = Release|Any CPU
	EndGlobalSection
	GlobalSection(ProjectConfigurationPlatforms) = postSolution
		{2D28D726-6C7A-4E09-AB2F-95D16D3C8F87}.Debug|Any CPU.ActiveCfg = Debug|Any CPU
		{2D28D726-6C7A-4E09-AB2F-95D16D3C8F87}.Debug|Any CPU.Build.0 = Debug|Any CPU
		{2D28D726-6C7A-4E09-AB2F-95D16D3C8F87}.Release|Any CPU.ActiveCfg = Release|Any CPU
		{2D28D726-6C7A-4E09-AB2F-95D16D3C8F87}.Release|Any CPU.Build.0 = Release|Any CPU
		{8DE711BA-2764-4863-B1B8-AB716E924419}.Debug|Any CPU.ActiveCfg = Debug|Any CPU
		{8DE711BA-2764-4863-B1B8-AB716E924419}.Debug|Any CPU.Build.0 = Debug|Any CPU
		{8DE711BA-2764-4863-B1B8-AB716E924419}.Release|Any CPU.ActiveCfg = Release|Any CPU
		{8DE711BA-2764-4863-B1B8-AB716E924419}.Release|Any CPU.Build.0 = Release|Any CPU
	EndGlobalSection
	GlobalSection(SolutionProperties) = preSolution
		HideSolutionNode = FALSE
	EndGlobalSection
	GlobalSection(ExtensibilityGlobals) = postSolution
		SolutionGuid = {8A441A41-C69C-41AB-A640-2F6062C3584E}
	EndGlobalSection
EndGlobal
