
Microsoft Visual Studio Solution File, Format Version 12.00
# Visual Studio 15
VisualStudioVersion = 15.0.27130.2010
MinimumVisualStudioVersion = 10.0.40219.1
Project("{FAE04EC0-301F-11D3-BF4B-00C04F79EFBC}") = "ExesAndOhs_R", "ExesAndOhs_R\ExesAndOhs_R.csproj", "{D7D0B828-9C45-4FFD-9A91-0C3DDAFDC691}"
EndProject
Project("{FAE04EC0-301F-11D3-BF4B-00C04F79EFBC}") = "ExesAndOhs_RTests", "ExesAndOhs_RTests\ExesAndOhs_RTests.csproj", "{F9F61476-867A-44AE-8E2A-8D064F997D2D}"
EndProject
Global
	GlobalSection(SolutionConfigurationPlatforms) = preSolution
		Debug|Any CPU = Debug|Any CPU
		Release|Any CPU = Release|Any CPU
	EndGlobalSection
	GlobalSection(ProjectConfigurationPlatforms) = postSolution
		{D7D0B828-9C45-4FFD-9A91-0C3DDAFDC691}.Debug|Any CPU.ActiveCfg = Debug|Any CPU
		{D7D0B828-9C45-4FFD-9A91-0C3DDAFDC691}.Debug|Any CPU.Build.0 = Debug|Any CPU
		{D7D0B828-9C45-4FFD-9A91-0C3DDAFDC691}.Release|Any CPU.ActiveCfg = Release|Any CPU
		{D7D0B828-9C45-4FFD-9A91-0C3DDAFDC691}.Release|Any CPU.Build.0 = Release|Any CPU
		{F9F61476-867A-44AE-8E2A-8D064F997D2D}.Debug|Any CPU.ActiveCfg = Debug|Any CPU
		{F9F61476-867A-44AE-8E2A-8D064F997D2D}.Debug|Any CPU.Build.0 = Debug|Any CPU
		{F9F61476-867A-44AE-8E2A-8D064F997D2D}.Release|Any CPU.ActiveCfg = Release|Any CPU
		{F9F61476-867A-44AE-8E2A-8D064F997D2D}.Release|Any CPU.Build.0 = Release|Any CPU
	EndGlobalSection
	GlobalSection(SolutionProperties) = preSolution
		HideSolutionNode = FALSE
	EndGlobalSection
	GlobalSection(ExtensibilityGlobals) = postSolution
		SolutionGuid = {D04D3F8C-D528-43F9-9BBD-C7620936A6A5}
	EndGlobalSection
EndGlobal
