
Microsoft Visual Studio Solution File, Format Version 12.00
# Visual Studio 15
VisualStudioVersion = 15.0.27130.2010
MinimumVisualStudioVersion = 10.0.40219.1
Project("{FAE04EC0-301F-11D3-BF4B-00C04F79EFBC}") = "Rot13", "Rot13\Rot13.csproj", "{024AF7CB-60C1-4F94-9695-94E27CF3A0C1}"
EndProject
Global
	GlobalSection(SolutionConfigurationPlatforms) = preSolution
		Debug|Any CPU = Debug|Any CPU
		Release|Any CPU = Release|Any CPU
	EndGlobalSection
	GlobalSection(ProjectConfigurationPlatforms) = postSolution
		{024AF7CB-60C1-4F94-9695-94E27CF3A0C1}.Debug|Any CPU.ActiveCfg = Debug|Any CPU
		{024AF7CB-60C1-4F94-9695-94E27CF3A0C1}.Debug|Any CPU.Build.0 = Debug|Any CPU
		{024AF7CB-60C1-4F94-9695-94E27CF3A0C1}.Release|Any CPU.ActiveCfg = Release|Any CPU
		{024AF7CB-60C1-4F94-9695-94E27CF3A0C1}.Release|Any CPU.Build.0 = Release|Any CPU
	EndGlobalSection
	GlobalSection(SolutionProperties) = preSolution
		HideSolutionNode = FALSE
	EndGlobalSection
	GlobalSection(ExtensibilityGlobals) = postSolution
		SolutionGuid = {227F242B-FE5B-4F48-83BE-5BAF1E77B4F3}
	EndGlobalSection
EndGlobal
